
Microsoft Visual Studio Solution File, Format Version 12.00
# Visual Studio Version 17
VisualStudioVersion = 17.13.35919.96 d17.13
MinimumVisualStudioVersion = 10.0.40219.1
Project("{FAE04EC0-301F-11D3-BF4B-00C04F79EFBC}") = "Project_GIT_Algoritmo", "Project_GIT_Algoritmo\Project_GIT_Algoritmo.csproj", "{ED860B7F-4B6A-4931-8EA3-6511E4B89629}"
EndProject
Global
	GlobalSection(SolutionConfigurationPlatforms) = preSolution
		Debug|Any CPU = Debug|Any CPU
		Release|Any CPU = Release|Any CPU
	EndGlobalSection
	GlobalSection(ProjectConfigurationPlatforms) = postSolution
		{ED860B7F-4B6A-4931-8EA3-6511E4B89629}.Debug|Any CPU.ActiveCfg = Debug|Any CPU
		{ED860B7F-4B6A-4931-8EA3-6511E4B89629}.Debug|Any CPU.Build.0 = Debug|Any CPU
		{ED860B7F-4B6A-4931-8EA3-6511E4B89629}.Release|Any CPU.ActiveCfg = Release|Any CPU
		{ED860B7F-4B6A-4931-8EA3-6511E4B89629}.Release|Any CPU.Build.0 = Release|Any CPU
	EndGlobalSection
	GlobalSection(SolutionProperties) = preSolution
		HideSolutionNode = FALSE
	EndGlobalSection
	GlobalSection(ExtensibilityGlobals) = postSolution
		SolutionGuid = {171DD466-C4F9-4C7F-BC8E-E78AC0A1882D}
	EndGlobalSection
EndGlobal
